
Microsoft Visual Studio Solution File, Format Version 12.00
# Visual Studio Version 17
VisualStudioVersion = 17.2.32616.157
MinimumVisualStudioVersion = 10.0.40219.1
Project("{FAE04EC0-301F-11D3-BF4B-00C04F79EFBC}") = "APIs", "CustomerInvoiceAPIs\APIs\APIs.csproj", "{A7AE4C81-BF7C-4D29-B363-03BD4AA18C51}"
EndProject
Project("{FAE04EC0-301F-11D3-BF4B-00C04F79EFBC}") = "DAL", "CustomerInvoiceAPIs\DAL\DAL.csproj", "{9463A6F9-6EE6-4A90-8D64-5BDEDA3E9A8C}"
EndProject
Project("{FAE04EC0-301F-11D3-BF4B-00C04F79EFBC}") = "Domain", "CustomerInvoiceAPIs\Domain\Domain.csproj", "{05F266A4-310F-4CC2-BC2F-491CCE3521F0}"
EndProject
Global
	GlobalSection(SolutionConfigurationPlatforms) = preSolution
		Debug|Any CPU = Debug|Any CPU
		Release|Any CPU = Release|Any CPU
	EndGlobalSection
	GlobalSection(ProjectConfigurationPlatforms) = postSolution
		{A7AE4C81-BF7C-4D29-B363-03BD4AA18C51}.Debug|Any CPU.ActiveCfg = Debug|Any CPU
		{A7AE4C81-BF7C-4D29-B363-03BD4AA18C51}.Debug|Any CPU.Build.0 = Debug|Any CPU
		{A7AE4C81-BF7C-4D29-B363-03BD4AA18C51}.Release|Any CPU.ActiveCfg = Release|Any CPU
		{A7AE4C81-BF7C-4D29-B363-03BD4AA18C51}.Release|Any CPU.Build.0 = Release|Any CPU
		{9463A6F9-6EE6-4A90-8D64-5BDEDA3E9A8C}.Debug|Any CPU.ActiveCfg = Debug|Any CPU
		{9463A6F9-6EE6-4A90-8D64-5BDEDA3E9A8C}.Debug|Any CPU.Build.0 = Debug|Any CPU
		{9463A6F9-6EE6-4A90-8D64-5BDEDA3E9A8C}.Release|Any CPU.ActiveCfg = Release|Any CPU
		{9463A6F9-6EE6-4A90-8D64-5BDEDA3E9A8C}.Release|Any CPU.Build.0 = Release|Any CPU
		{05F266A4-310F-4CC2-BC2F-491CCE3521F0}.Debug|Any CPU.ActiveCfg = Debug|Any CPU
		{05F266A4-310F-4CC2-BC2F-491CCE3521F0}.Debug|Any CPU.Build.0 = Debug|Any CPU
		{05F266A4-310F-4CC2-BC2F-491CCE3521F0}.Release|Any CPU.ActiveCfg = Release|Any CPU
		{05F266A4-310F-4CC2-BC2F-491CCE3521F0}.Release|Any CPU.Build.0 = Release|Any CPU
	EndGlobalSection
	GlobalSection(SolutionProperties) = preSolution
		HideSolutionNode = FALSE
	EndGlobalSection
	GlobalSection(ExtensibilityGlobals) = postSolution
		SolutionGuid = {84AD41A3-D685-4AFB-BF11-E918EB04240C}
	EndGlobalSection
EndGlobal
